// !$*UTF8*$!
{
	archiveVersion = 1;
	classes = {
	};
	objectVersion = 50;
	objects = {

/* Begin PBXBuildFile section */
		DAF2EF4124FE0B2300598315 /* AppDelegate.swift in Sources */ = {isa = PBXBuildFile; fileRef = DAF2EF4024FE0B2300598315 /* AppDelegate.swift */; };
		DAF2EF4324FE0B2300598315 /* SceneDelegate.swift in Sources */ = {isa = PBXBuildFile; fileRef = DAF2EF4224FE0B2300598315 /* SceneDelegate.swift */; };
		DAF2EF4624FE0B2300598315 /* futopedia_ios.xcdatamodeld in Sources */ = {isa = PBXBuildFile; fileRef = DAF2EF4424FE0B2300598315 /* futopedia_ios.xcdatamodeld */; };
		DAF2EF4824FE0B2300598315 /* ContentView.swift in Sources */ = {isa = PBXBuildFile; fileRef = DAF2EF4724FE0B2300598315 /* ContentView.swift */; };
		DAF2EF4A24FE0B2600598315 /* Assets.xcassets in Resources */ = {isa = PBXBuildFile; fileRef = DAF2EF4924FE0B2600598315 /* Assets.xcassets */; };
		DAF2EF4D24FE0B2600598315 /* Preview Assets.xcassets in Resources */ = {isa = PBXBuildFile; fileRef = DAF2EF4C24FE0B2600598315 /* Preview Assets.xcassets */; };
		DAF2EF5024FE0B2600598315 /* LaunchScreen.storyboard in Resources */ = {isa = PBXBuildFile; fileRef = DAF2EF4E24FE0B2600598315 /* LaunchScreen.storyboard */; };
/* End PBXBuildFile section */

/* Begin PBXFileReference section */
		DAF2EF3D24FE0B2300598315 /* futopedia-ios.app */ = {isa = PBXFileReference; explicitFileType = wrapper.application; includeInIndex = 0; path = "futopedia-ios.app"; sourceTree = BUILT_PRODUCTS_DIR; };
		DAF2EF4024FE0B2300598315 /* AppDelegate.swift */ = {isa = PBXFileReference; lastKnownFileType = sourcecode.swift; path = AppDelegate.swift; sourceTree = "<group>"; };
		DAF2EF4224FE0B2300598315 /* SceneDelegate.swift */ = {isa = PBXFileReference; lastKnownFileType = sourcecode.swift; path = SceneDelegate.swift; sourceTree = "<group>"; };
		DAF2EF4524FE0B2300598315 /* futopedia_ios.xcdatamodel */ = {isa = PBXFileReference; lastKnownFileType = wrapper.xcdatamodel; path = futopedia_ios.xcdatamodel; sourceTree = "<group>"; };
		DAF2EF4724FE0B2300598315 /* ContentView.swift */ = {isa = PBXFileReference; lastKnownFileType = sourcecode.swift; path = ContentView.swift; sourceTree = "<group>"; };
		DAF2EF4924FE0B2600598315 /* Assets.xcassets */ = {isa = PBXFileReference; lastKnownFileType = folder.assetcatalog; path = Assets.xcassets; sourceTree = "<group>"; };
		DAF2EF4C24FE0B2600598315 /* Preview Assets.xcassets */ = {isa = PBXFileReference; lastKnownFileType = folder.assetcatalog; path = "Preview Assets.xcassets"; sourceTree = "<group>"; };
		DAF2EF4F24FE0B2600598315 /* Base */ = {isa = PBXFileReference; lastKnownFileType = file.storyboard; name = Base; path = Base.lproj/LaunchScreen.storyboard; sourceTree = "<group>"; };
		DAF2EF5124FE0B2600598315 /* Info.plist */ = {isa = PBXFileReference; lastKnownFileType = text.plist.xml; path = Info.plist; sourceTree = "<group>"; };
/* End PBXFileReference section */

/* Begin PBXFrameworksBuildPhase section */
		DAF2EF3A24FE0B2300598315 /* Frameworks */ = {
			isa = PBXFrameworksBuildPhase;
			buildActionMask = 2147483647;
			files = (
			);
			runOnlyForDeploymentPostprocessing = 0;
		};
/* End PBXFrameworksBuildPhase section */

/* Begin PBXGroup section */
		DAF2EF3424FE0B2300598315 = {
			isa = PBXGroup;
			children = (
				DAF2EF3F24FE0B2300598315 /* futopedia-ios */,
				DAF2EF3E24FE0B2300598315 /* Products */,
			);
			sourceTree = "<group>";
		};
		DAF2EF3E24FE0B2300598315 /* Products */ = {
			isa = PBXGroup;
			children = (
				DAF2EF3D24FE0B2300598315 /* futopedia-ios.app */,
			);
			name = Products;
			sourceTree = "<group>";
		};
		DAF2EF3F24FE0B2300598315 /* futopedia-ios */ = {
			isa = PBXGroup;
			children = (
				DAF2EF4024FE0B2300598315 /* AppDelegate.swift */,
				DAF2EF4224FE0B2300598315 /* SceneDelegate.swift */,
				DAF2EF4724FE0B2300598315 /* ContentView.swift */,
				DAF2EF4924FE0B2600598315 /* Assets.xcassets */,
				DAF2EF4E24FE0B2600598315 /* LaunchScreen.storyboard */,
				DAF2EF5124FE0B2600598315 /* Info.plist */,
				DAF2EF4424FE0B2300598315 /* futopedia_ios.xcdatamodeld */,
				DAF2EF4B24FE0B2600598315 /* Preview Content */,
			);
			path = "futopedia-ios";
			sourceTree = "<group>";
		};
		DAF2EF4B24FE0B2600598315 /* Preview Content */ = {
			isa = PBXGroup;
			children = (
				DAF2EF4C24FE0B2600598315 /* Preview Assets.xcassets */,
			);
			path = "Preview Content";
			sourceTree = "<group>";
		};
/* End PBXGroup section */

/* Begin PBXNativeTarget section */
		DAF2EF3C24FE0B2300598315 /* futopedia-ios */ = {
			isa = PBXNativeTarget;
			buildConfigurationList = DAF2EF5424FE0B2600598315 /* Build configuration list for PBXNativeTarget "futopedia-ios" */;
			buildPhases = (
				DAF2EF3924FE0B2300598315 /* Sources */,
				DAF2EF3A24FE0B2300598315 /* Frameworks */,
				DAF2EF3B24FE0B2300598315 /* Resources */,
			);
			buildRules = (
			);
			dependencies = (
			);
			name = "futopedia-ios";
			productName = "futopedia-ios";
			productReference = DAF2EF3D24FE0B2300598315 /* futopedia-ios.app */;
			productType = "com.apple.product-type.application";
		};
/* End PBXNativeTarget section */

/* Begin PBXProject section */
		DAF2EF3524FE0B2300598315 /* Project object */ = {
			isa = PBXProject;
			attributes = {
				LastSwiftUpdateCheck = 1160;
				LastUpgradeCheck = 1160;
				ORGANIZATIONNAME = "Ilya Pashkov";
				TargetAttributes = {
					DAF2EF3C24FE0B2300598315 = {
						CreatedOnToolsVersion = 11.6;
					};
				};
			};
			buildConfigurationList = DAF2EF3824FE0B2300598315 /* Build configuration list for PBXProject "futopedia-ios" */;
			compatibilityVersion = "Xcode 9.3";
			developmentRegion = en;
			hasScannedForEncodings = 0;
			knownRegions = (
				en,
				Base,
			);
			mainGroup = DAF2EF3424FE0B2300598315;
			productRefGroup = DAF2EF3E24FE0B2300598315 /* Products */;
			projectDirPath = "";
			projectRoot = "";
			targets = (
				DAF2EF3C24FE0B2300598315 /* futopedia-ios */,
			);
		};
/* End PBXProject section */

/* Begin PBXResourcesBuildPhase section */
		DAF2EF3B24FE0B2300598315 /* Resources */ = {
			isa = PBXResourcesBuildPhase;
			buildActionMask = 2147483647;
			files = (
				DAF2EF5024FE0B2600598315 /* LaunchScreen.storyboard in Resources */,
				DAF2EF4D24FE0B2600598315 /* Preview Assets.xcassets in Resources */,
				DAF2EF4A24FE0B2600598315 /* Assets.xcassets in Resources */,
			);
			runOnlyForDeploymentPostprocessing = 0;
		};
/* End PBXResourcesBuildPhase section */

/* Begin PBXSourcesBuildPhase section */
		DAF2EF3924FE0B2300598315 /* Sources */ = {
			isa = PBXSourcesBuildPhase;
			buildActionMask = 2147483647;
			files = (
				DAF2EF4124FE0B2300598315 /* AppDelegate.swift in Sources */,
				DAF2EF4624FE0B2300598315 /* futopedia_ios.xcdatamodeld in Sources */,
				DAF2EF4824FE0B2300598315 /* ContentView.swift in Sources */,
				DAF2EF4324FE0B2300598315 /* SceneDelegate.swift in Sources */,
			);
			runOnlyForDeploymentPostprocessing = 0;
		};
/* End PBXSourcesBuildPhase section */

/* Begin PBXVariantGroup section */
		DAF2EF4E24FE0B2600598315 /* LaunchScreen.storyboard */ = {
			isa = PBXVariantGroup;
			children = (
				DAF2EF4F24FE0B2600598315 /* Base */,
			);
			name = LaunchScreen.storyboard;
			sourceTree = "<group>";
		};
/* End PBXVariantGroup section */

/* Begin XCBuildConfiguration section */
		DAF2EF5224FE0B2600598315 /* Debug */ = {
			isa = XCBuildConfiguration;
			buildSettings = {
				ALWAYS_SEARCH_USER_PATHS = NO;
				CLANG_ANALYZER_NONNULL = YES;
				CLANG_ANALYZER_NUMBER_OBJECT_CONVERSION = YES_AGGRESSIVE;
				CLANG_CXX_LANGUAGE_STANDARD = "gnu++14";
				CLANG_CXX_LIBRARY = "libc++";
				CLANG_ENABLE_MODULES = YES;
				CLANG_ENABLE_OBJC_ARC = YES;
				CLANG_ENABLE_OBJC_WEAK = YES;
				CLANG_WARN_BLOCK_CAPTURE_AUTORELEASING = YES;
				CLANG_WARN_BOOL_CONVERSION = YES;
				CLANG_WARN_COMMA = YES;
				CLANG_WARN_CONSTANT_CONVERSION = YES;
				CLANG_WARN_DEPRECATED_OBJC_IMPLEMENTATIONS = YES;
				CLANG_WARN_DIRECT_OBJC_ISA_USAGE = YES_ERROR;
				CLANG_WARN_DOCUMENTATION_COMMENTS = YES;
				CLANG_WARN_EMPTY_BODY = YES;
				CLANG_WARN_ENUM_CONVERSION = YES;
				CLANG_WARN_INFINITE_RECURSION = YES;
				CLANG_WARN_INT_CONVERSION = YES;
				CLANG_WARN_NON_LITERAL_NULL_CONVERSION = YES;
				CLANG_WARN_OBJC_IMPLICIT_RETAIN_SELF = YES;
				CLANG_WARN_OBJC_LITERAL_CONVERSION = YES;
				CLANG_WARN_OBJC_ROOT_CLASS = YES_ERROR;
				CLANG_WARN_RANGE_LOOP_ANALYSIS = YES;
				CLANG_WARN_STRICT_PROTOTYPES = YES;
				CLANG_WARN_SUSPICIOUS_MOVE = YES;
				CLANG_WARN_UNGUARDED_AVAILABILITY = YES_AGGRESSIVE;
				CLANG_WARN_UNREACHABLE_CODE = YES;
				CLANG_WARN__DUPLICATE_METHOD_MATCH = YES;
				COPY_PHASE_STRIP = NO;
				DEBUG_INFORMATION_FORMAT = dwarf;
				ENABLE_STRICT_OBJC_MSGSEND = YES;
				ENABLE_TESTABILITY = YES;
				GCC_C_LANGUAGE_STANDARD = gnu11;
				GCC_DYNAMIC_NO_PIC = NO;
				GCC_NO_COMMON_BLOCKS = YES;
				GCC_OPTIMIZATION_LEVEL = 0;
				GCC_PREPROCESSOR_DEFINITIONS = (
					"DEBUG=1",
					"$(inherited)",
				);
				GCC_WARN_64_TO_32_BIT_CONVERSION = YES;
				GCC_WARN_ABOUT_RETURN_TYPE = YES_ERROR;
				GCC_WARN_UNDECLARED_SELECTOR = YES;
				GCC_WARN_UNINITIALIZED_AUTOS = YES_AGGRESSIVE;
				GCC_WARN_UNUSED_FUNCTION = YES;
				GCC_WARN_UNUSED_VARIABLE = YES;
				IPHONEOS_DEPLOYMENT_TARGET = 13.6;
				MTL_ENABLE_DEBUG_INFO = INCLUDE_SOURCE;
				MTL_FAST_MATH = YES;
				ONLY_ACTIVE_ARCH = YES;
				SDKROOT = iphoneos;
				SWIFT_ACTIVE_COMPILATION_CONDITIONS = DEBUG;
				SWIFT_OPTIMIZATION_LEVEL = "-Onone";
			};
			name = Debug;
		};
		DAF2EF5324FE0B2600598315 /* Release */ = {
			isa = XCBuildConfiguration;
			buildSettings = {
				ALWAYS_SEARCH_USER_PATHS = NO;
				CLANG_ANALYZER_NONNULL = YES;
				CLANG_ANALYZER_NUMBER_OBJECT_CONVERSION = YES_AGGRESSIVE;
				CLANG_CXX_LANGUAGE_STANDARD = "gnu++14";
				CLANG_CXX_LIBRARY = "libc++";
				CLANG_ENABLE_MODULES = YES;
				CLANG_ENABLE_OBJC_ARC = YES;
				CLANG_ENABLE_OBJC_WEAK = YES;
				CLANG_WARN_BLOCK_CAPTURE_AUTORELEASING = YES;
				CLANG_WARN_BOOL_CONVERSION = YES;
				CLANG_WARN_COMMA = YES;
				CLANG_WARN_CONSTANT_CONVERSION = YES;
				CLANG_WARN_DEPRECATED_OBJC_IMPLEMENTATIONS = YES;
				CLANG_WARN_DIRECT_OBJC_ISA_USAGE = YES_ERROR;
				CLANG_WARN_DOCUMENTATION_COMMENTS = YES;
				CLANG_WARN_EMPTY_BODY = YES;
				CLANG_WARN_ENUM_CONVERSION = YES;
				CLANG_WARN_INFINITE_RECURSION = YES;
				CLANG_WARN_INT_CONVERSION = YES;
				CLANG_WARN_NON_LITERAL_NULL_CONVERSION = YES;
				CLANG_WARN_OBJC_IMPLICIT_RETAIN_SELF = YES;
				CLANG_WARN_OBJC_LITERAL_CONVERSION = YES;
				CLANG_WARN_OBJC_ROOT_CLASS = YES_ERROR;
				CLANG_WARN_RANGE_LOOP_ANALYSIS = YES;
				CLANG_WARN_STRICT_PROTOTYPES = YES;
				CLANG_WARN_SUSPICIOUS_MOVE = YES;
				CLANG_WARN_UNGUARDED_AVAILABILITY = YES_AGGRESSIVE;
				CLANG_WARN_UNREACHABLE_CODE = YES;
				CLANG_WARN__DUPLICATE_METHOD_MATCH = YES;
				COPY_PHASE_STRIP = NO;
				DEBUG_INFORMATION_FORMAT = "dwarf-with-dsym";
				ENABLE_NS_ASSERTIONS = NO;
				ENABLE_STRICT_OBJC_MSGSEND = YES;
				GCC_C_LANGUAGE_STANDARD = gnu11;
				GCC_NO_COMMON_BLOCKS = YES;
				GCC_WARN_64_TO_32_BIT_CONVERSION = YES;
				GCC_WARN_ABOUT_RETURN_TYPE = YES_ERROR;
				GCC_WARN_UNDECLARED_SELECTOR = YES;
				GCC_WARN_UNINITIALIZED_AUTOS = YES_AGGRESSIVE;
				GCC_WARN_UNUSED_FUNCTION = YES;
				GCC_WARN_UNUSED_VARIABLE = YES;
				IPHONEOS_DEPLOYMENT_TARGET = 13.6;
				MTL_ENABLE_DEBUG_INFO = NO;
				MTL_FAST_MATH = YES;
				SDKROOT = iphoneos;
				SWIFT_COMPILATION_MODE = wholemodule;
				SWIFT_OPTIMIZATION_LEVEL = "-O";
				VALIDATE_PRODUCT = YES;
			};
			name = Release;
		};
		DAF2EF5524FE0B2600598315 /* Debug */ = {
			isa = XCBuildConfiguration;
			buildSettings = {
				ASSETCATALOG_COMPILER_APPICON_NAME = AppIcon;
				CODE_SIGN_STYLE = Automatic;
				DEVELOPMENT_ASSET_PATHS = "\"futopedia-ios/Preview Content\"";
				DEVELOPMENT_TEAM = NAV3BA5D6W;
				ENABLE_PREVIEWS = YES;
				INFOPLIST_FILE = "futopedia-ios/Info.plist";
				LD_RUNPATH_SEARCH_PATHS = (
					"$(inherited)",
					"@executable_path/Frameworks",
				);
				PRODUCT_BUNDLE_IDENTIFIER = "IlyaPashkovDev.futopedia-ios";
				PRODUCT_NAME = "$(TARGET_NAME)";
				SWIFT_VERSION = 5.0;
				TARGETED_DEVICE_FAMILY = "1,2";
			};
			name = Debug;
		};
		DAF2EF5624FE0B2600598315 /* Release */ = {
			isa = XCBuildConfiguration;
			buildSettings = {
				ASSETCATALOG_COMPILER_APPICON_NAME = AppIcon;
				CODE_SIGN_STYLE = Automatic;
				DEVELOPMENT_ASSET_PATHS = "\"futopedia-ios/Preview Content\"";
				DEVELOPMENT_TEAM = NAV3BA5D6W;
				ENABLE_PREVIEWS = YES;
				INFOPLIST_FILE = "futopedia-ios/Info.plist";
				LD_RUNPATH_SEARCH_PATHS = (
					"$(inherited)",
					"@executable_path/Frameworks",
				);
				PRODUCT_BUNDLE_IDENTIFIER = "IlyaPashkovDev.futopedia-ios";
				PRODUCT_NAME = "$(TARGET_NAME)";
				SWIFT_VERSION = 5.0;
				TARGETED_DEVICE_FAMILY = "1,2";
			};
			name = Release;
		};
/* End XCBuildConfiguration section */

/* Begin XCConfigurationList section */
		DAF2EF3824FE0B2300598315 /* Build configuration list for PBXProject "futopedia-ios" */ = {
			isa = XCConfigurationList;
			buildConfigurations = (
				DAF2EF5224FE0B2600598315 /* Debug */,
				DAF2EF5324FE0B2600598315 /* Release */,
			);
			defaultConfigurationIsVisible = 0;
			defaultConfigurationName = Release;
		};
		DAF2EF5424FE0B2600598315 /* Build configuration list for PBXNativeTarget "futopedia-ios" */ = {
			isa = XCConfigurationList;
			buildConfigurations = (
				DAF2EF5524FE0B2600598315 /* Debug */,
				DAF2EF5624FE0B2600598315 /* Release */,
			);
			defaultConfigurationIsVisible = 0;
			defaultConfigurationName = Release;
		};
/* End XCConfigurationList section */

/* Begin XCVersionGroup section */
		DAF2EF4424FE0B2300598315 /* futopedia_ios.xcdatamodeld */ = {
			isa = XCVersionGroup;
			children = (
				DAF2EF4524FE0B2300598315 /* futopedia_ios.xcdatamodel */,
			);
			currentVersion = DAF2EF4524FE0B2300598315 /* futopedia_ios.xcdatamodel */;
			path = futopedia_ios.xcdatamodeld;
			sourceTree = "<group>";
			versionGroupType = wrapper.xcdatamodel;
		};
/* End XCVersionGroup section */
	};
	rootObject = DAF2EF3524FE0B2300598315 /* Project object */;
}
